
Microsoft Visual Studio Solution File, Format Version 12.00
# Visual Studio 15
VisualStudioVersion = 15.0.26730.16
MinimumVisualStudioVersion = 10.0.40219.1
Project("{FAE04EC0-301F-11D3-BF4B-00C04F79EFBC}") = "TradingBook", "TradingBook\TradingBook.csproj", "{BA6F2204-3F9B-4EA1-8D53-3A4EE4C58EC8}"
EndProject
Global
	GlobalSection(SolutionConfigurationPlatforms) = preSolution
		Debug|Any CPU = Debug|Any CPU
		Release|Any CPU = Release|Any CPU
	EndGlobalSection
	GlobalSection(ProjectConfigurationPlatforms) = postSolution
		{BA6F2204-3F9B-4EA1-8D53-3A4EE4C58EC8}.Debug|Any CPU.ActiveCfg = Debug|Any CPU
		{BA6F2204-3F9B-4EA1-8D53-3A4EE4C58EC8}.Debug|Any CPU.Build.0 = Debug|Any CPU
		{BA6F2204-3F9B-4EA1-8D53-3A4EE4C58EC8}.Release|Any CPU.ActiveCfg = Release|Any CPU
		{BA6F2204-3F9B-4EA1-8D53-3A4EE4C58EC8}.Release|Any CPU.Build.0 = Release|Any CPU
	EndGlobalSection
	GlobalSection(SolutionProperties) = preSolution
		HideSolutionNode = FALSE
	EndGlobalSection
	GlobalSection(ExtensibilityGlobals) = postSolution
		SolutionGuid = {FED53FDF-4421-4BF9-9E91-782DECA3BA63}
	EndGlobalSection
EndGlobal
